// !$*UTF8*$!
{
	archiveVersion = 1;
	classes = {
	};
	objectVersion = 55;
	objects = {

/* Begin PBXBuildFile section */
		2715898B285E040300BB87AB /* Question.swift in Sources */ = {isa = PBXBuildFile; fileRef = 2715898A285E040200BB87AB /* Question.swift */; };
		27CA25C0285B6CA600CCAA15 /* AppDelegate.swift in Sources */ = {isa = PBXBuildFile; fileRef = 27CA25BF285B6CA600CCAA15 /* AppDelegate.swift */; };
		27CA25C2285B6CA600CCAA15 /* SceneDelegate.swift in Sources */ = {isa = PBXBuildFile; fileRef = 27CA25C1285B6CA600CCAA15 /* SceneDelegate.swift */; };
		27CA25C4285B6CA600CCAA15 /* ViewController.swift in Sources */ = {isa = PBXBuildFile; fileRef = 27CA25C3285B6CA600CCAA15 /* ViewController.swift */; };
		27CA25C7285B6CA600CCAA15 /* Main.storyboard in Resources */ = {isa = PBXBuildFile; fileRef = 27CA25C5285B6CA600CCAA15 /* Main.storyboard */; };
		27CA25C9285B6CA900CCAA15 /* Assets.xcassets in Resources */ = {isa = PBXBuildFile; fileRef = 27CA25C8285B6CA900CCAA15 /* Assets.xcassets */; };
		27CA25CC285B6CA900CCAA15 /* LaunchScreen.storyboard in Resources */ = {isa = PBXBuildFile; fileRef = 27CA25CA285B6CA900CCAA15 /* LaunchScreen.storyboard */; };
		27D6DF592868800E00666E83 /* QuizBrain.swift in Sources */ = {isa = PBXBuildFile; fileRef = 27D6DF582868800D00666E83 /* QuizBrain.swift */; };
/* End PBXBuildFile section */

/* Begin PBXFileReference section */
		2715898A285E040200BB87AB /* Question.swift */ = {isa = PBXFileReference; lastKnownFileType = sourcecode.swift; path = Question.swift; sourceTree = "<group>"; };
		27CA25BC285B6CA600CCAA15 /* Quizzier.app */ = {isa = PBXFileReference; explicitFileType = wrapper.application; includeInIndex = 0; path = Quizzier.app; sourceTree = BUILT_PRODUCTS_DIR; };
		27CA25BF285B6CA600CCAA15 /* AppDelegate.swift */ = {isa = PBXFileReference; lastKnownFileType = sourcecode.swift; path = AppDelegate.swift; sourceTree = "<group>"; };
		27CA25C1285B6CA600CCAA15 /* SceneDelegate.swift */ = {isa = PBXFileReference; lastKnownFileType = sourcecode.swift; path = SceneDelegate.swift; sourceTree = "<group>"; };
		27CA25C3285B6CA600CCAA15 /* ViewController.swift */ = {isa = PBXFileReference; lastKnownFileType = sourcecode.swift; path = ViewController.swift; sourceTree = "<group>"; };
		27CA25C6285B6CA600CCAA15 /* Base */ = {isa = PBXFileReference; lastKnownFileType = file.storyboard; name = Base; path = Base.lproj/Main.storyboard; sourceTree = "<group>"; };
		27CA25C8285B6CA900CCAA15 /* Assets.xcassets */ = {isa = PBXFileReference; lastKnownFileType = folder.assetcatalog; path = Assets.xcassets; sourceTree = "<group>"; };
		27CA25CB285B6CA900CCAA15 /* Base */ = {isa = PBXFileReference; lastKnownFileType = file.storyboard; name = Base; path = Base.lproj/LaunchScreen.storyboard; sourceTree = "<group>"; };
		27CA25CD285B6CA900CCAA15 /* Info.plist */ = {isa = PBXFileReference; lastKnownFileType = text.plist.xml; path = Info.plist; sourceTree = "<group>"; };
		27D6DF582868800D00666E83 /* QuizBrain.swift */ = {isa = PBXFileReference; lastKnownFileType = sourcecode.swift; path = QuizBrain.swift; sourceTree = "<group>"; };
/* End PBXFileReference section */

/* Begin PBXFrameworksBuildPhase section */
		27CA25B9285B6CA600CCAA15 /* Frameworks */ = {
			isa = PBXFrameworksBuildPhase;
			buildActionMask = 2147483647;
			files = (
			);
			runOnlyForDeploymentPostprocessing = 0;
		};
/* End PBXFrameworksBuildPhase section */

/* Begin PBXGroup section */
		27CA25B3285B6CA600CCAA15 = {
			isa = PBXGroup;
			children = (
				27CA25BE285B6CA600CCAA15 /* Quizzier */,
				27CA25BD285B6CA600CCAA15 /* Products */,
			);
			sourceTree = "<group>";
		};
		27CA25BD285B6CA600CCAA15 /* Products */ = {
			isa = PBXGroup;
			children = (
				27CA25BC285B6CA600CCAA15 /* Quizzier.app */,
			);
			name = Products;
			sourceTree = "<group>";
		};
		27CA25BE285B6CA600CCAA15 /* Quizzier */ = {
			isa = PBXGroup;
			children = (
				27CA25BF285B6CA600CCAA15 /* AppDelegate.swift */,
				27CA25C1285B6CA600CCAA15 /* SceneDelegate.swift */,
				27D6DF5A286892EE00666E83 /* Controller */,
				27D6DF5B2868931A00666E83 /* View */,
				27CA25C8285B6CA900CCAA15 /* Assets.xcassets */,
				27CA25CA285B6CA900CCAA15 /* LaunchScreen.storyboard */,
				27CA25CD285B6CA900CCAA15 /* Info.plist */,
				27D6DF5728687C3E00666E83 /* Model */,
			);
			path = Quizzier;
			sourceTree = "<group>";
		};
		27D6DF5728687C3E00666E83 /* Model */ = {
			isa = PBXGroup;
			children = (
				2715898A285E040200BB87AB /* Question.swift */,
				27D6DF582868800D00666E83 /* QuizBrain.swift */,
			);
			path = Model;
			sourceTree = "<group>";
		};
		27D6DF5A286892EE00666E83 /* Controller */ = {
			isa = PBXGroup;
			children = (
				27CA25C3285B6CA600CCAA15 /* ViewController.swift */,
			);
			path = Controller;
			sourceTree = "<group>";
		};
		27D6DF5B2868931A00666E83 /* View */ = {
			isa = PBXGroup;
			children = (
				27CA25C5285B6CA600CCAA15 /* Main.storyboard */,
			);
			path = View;
			sourceTree = "<group>";
		};
/* End PBXGroup section */

/* Begin PBXNativeTarget section */
		27CA25BB285B6CA600CCAA15 /* Quizzier */ = {
			isa = PBXNativeTarget;
			buildConfigurationList = 27CA25D0285B6CA900CCAA15 /* Build configuration list for PBXNativeTarget "Quizzier" */;
			buildPhases = (
				27CA25B8285B6CA600CCAA15 /* Sources */,
				27CA25B9285B6CA600CCAA15 /* Frameworks */,
				27CA25BA285B6CA600CCAA15 /* Resources */,
			);
			buildRules = (
			);
			dependencies = (
			);
			name = Quizzier;
			productName = Quizzier;
			productReference = 27CA25BC285B6CA600CCAA15 /* Quizzier.app */;
			productType = "com.apple.product-type.application";
		};
/* End PBXNativeTarget section */

/* Begin PBXProject section */
		27CA25B4285B6CA600CCAA15 /* Project object */ = {
			isa = PBXProject;
			attributes = {
				BuildIndependentTargetsInParallel = 1;
				LastSwiftUpdateCheck = 1340;
				LastUpgradeCheck = 1340;
				TargetAttributes = {
					27CA25BB285B6CA600CCAA15 = {
						CreatedOnToolsVersion = 13.4.1;
					};
				};
			};
			buildConfigurationList = 27CA25B7285B6CA600CCAA15 /* Build configuration list for PBXProject "Quizzier" */;
			compatibilityVersion = "Xcode 13.0";
			developmentRegion = en;
			hasScannedForEncodings = 0;
			knownRegions = (
				en,
				Base,
			);
			mainGroup = 27CA25B3285B6CA600CCAA15;
			productRefGroup = 27CA25BD285B6CA600CCAA15 /* Products */;
			projectDirPath = "";
			projectRoot = "";
			targets = (
				27CA25BB285B6CA600CCAA15 /* Quizzier */,
			);
		};
/* End PBXProject section */

/* Begin PBXResourcesBuildPhase section */
		27CA25BA285B6CA600CCAA15 /* Resources */ = {
			isa = PBXResourcesBuildPhase;
			buildActionMask = 2147483647;
			files = (
				27CA25CC285B6CA900CCAA15 /* LaunchScreen.storyboard in Resources */,
				27CA25C9285B6CA900CCAA15 /* Assets.xcassets in Resources */,
				27CA25C7285B6CA600CCAA15 /* Main.storyboard in Resources */,
			);
			runOnlyForDeploymentPostprocessing = 0;
		};
/* End PBXResourcesBuildPhase section */

/* Begin PBXSourcesBuildPhase section */
		27CA25B8285B6CA600CCAA15 /* Sources */ = {
			isa = PBXSourcesBuildPhase;
			buildActionMask = 2147483647;
			files = (
				27D6DF592868800E00666E83 /* QuizBrain.swift in Sources */,
				27CA25C4285B6CA600CCAA15 /* ViewController.swift in Sources */,
				2715898B285E040300BB87AB /* Question.swift in Sources */,
				27CA25C0285B6CA600CCAA15 /* AppDelegate.swift in Sources */,
				27CA25C2285B6CA600CCAA15 /* SceneDelegate.swift in Sources */,
			);
			runOnlyForDeploymentPostprocessing = 0;
		};
/* End PBXSourcesBuildPhase section */

/* Begin PBXVariantGroup section */
		27CA25C5285B6CA600CCAA15 /* Main.storyboard */ = {
			isa = PBXVariantGroup;
			children = (
				27CA25C6285B6CA600CCAA15 /* Base */,
			);
			name = Main.storyboard;
			sourceTree = "<group>";
		};
		27CA25CA285B6CA900CCAA15 /* LaunchScreen.storyboard */ = {
			isa = PBXVariantGroup;
			children = (
				27CA25CB285B6CA900CCAA15 /* Base */,
			);
			name = LaunchScreen.storyboard;
			sourceTree = "<group>";
		};
/* End PBXVariantGroup section */

/* Begin XCBuildConfiguration section */
		27CA25CE285B6CA900CCAA15 /* Debug */ = {
			isa = XCBuildConfiguration;
			buildSettings = {
				ALWAYS_SEARCH_USER_PATHS = NO;
				CLANG_ANALYZER_NONNULL = YES;
				CLANG_ANALYZER_NUMBER_OBJECT_CONVERSION = YES_AGGRESSIVE;
				CLANG_CXX_LANGUAGE_STANDARD = "gnu++17";
				CLANG_ENABLE_MODULES = YES;
				CLANG_ENABLE_OBJC_ARC = YES;
				CLANG_ENABLE_OBJC_WEAK = YES;
				CLANG_WARN_BLOCK_CAPTURE_AUTORELEASING = YES;
				CLANG_WARN_BOOL_CONVERSION = YES;
				CLANG_WARN_COMMA = YES;
				CLANG_WARN_CONSTANT_CONVERSION = YES;
				CLANG_WARN_DEPRECATED_OBJC_IMPLEMENTATIONS = YES;
				CLANG_WARN_DIRECT_OBJC_ISA_USAGE = YES_ERROR;
				CLANG_WARN_DOCUMENTATION_COMMENTS = YES;
				CLANG_WARN_EMPTY_BODY = YES;
				CLANG_WARN_ENUM_CONVERSION = YES;
				CLANG_WARN_INFINITE_RECURSION = YES;
				CLANG_WARN_INT_CONVERSION = YES;
				CLANG_WARN_NON_LITERAL_NULL_CONVERSION = YES;
				CLANG_WARN_OBJC_IMPLICIT_RETAIN_SELF = YES;
				CLANG_WARN_OBJC_LITERAL_CONVERSION = YES;
				CLANG_WARN_OBJC_ROOT_CLASS = YES_ERROR;
				CLANG_WARN_QUOTED_INCLUDE_IN_FRAMEWORK_HEADER = YES;
				CLANG_WARN_RANGE_LOOP_ANALYSIS = YES;
				CLANG_WARN_STRICT_PROTOTYPES = YES;
				CLANG_WARN_SUSPICIOUS_MOVE = YES;
				CLANG_WARN_UNGUARDED_AVAILABILITY = YES_AGGRESSIVE;
				CLANG_WARN_UNREACHABLE_CODE = YES;
				CLANG_WARN__DUPLICATE_METHOD_MATCH = YES;
				COPY_PHASE_STRIP = NO;
				DEBUG_INFORMATION_FORMAT = dwarf;
				ENABLE_STRICT_OBJC_MSGSEND = YES;
				ENABLE_TESTABILITY = YES;
				GCC_C_LANGUAGE_STANDARD = gnu11;
				GCC_DYNAMIC_NO_PIC = NO;
				GCC_NO_COMMON_BLOCKS = YES;
				GCC_OPTIMIZATION_LEVEL = 0;
				GCC_PREPROCESSOR_DEFINITIONS = (
					"DEBUG=1",
					"$(inherited)",
				);
				GCC_WARN_64_TO_32_BIT_CONVERSION = YES;
				GCC_WARN_ABOUT_RETURN_TYPE = YES_ERROR;
				GCC_WARN_UNDECLARED_SELECTOR = YES;
				GCC_WARN_UNINITIALIZED_AUTOS = YES_AGGRESSIVE;
				GCC_WARN_UNUSED_FUNCTION = YES;
				GCC_WARN_UNUSED_VARIABLE = YES;
				IPHONEOS_DEPLOYMENT_TARGET = 15.5;
				MTL_ENABLE_DEBUG_INFO = INCLUDE_SOURCE;
				MTL_FAST_MATH = YES;
				ONLY_ACTIVE_ARCH = YES;
				SDKROOT = iphoneos;
				SWIFT_ACTIVE_COMPILATION_CONDITIONS = DEBUG;
				SWIFT_OPTIMIZATION_LEVEL = "-Onone";
			};
			name = Debug;
		};
		27CA25CF285B6CA900CCAA15 /* Release */ = {
			isa = XCBuildConfiguration;
			buildSettings = {
				ALWAYS_SEARCH_USER_PATHS = NO;
				CLANG_ANALYZER_NONNULL = YES;
				CLANG_ANALYZER_NUMBER_OBJECT_CONVERSION = YES_AGGRESSIVE;
				CLANG_CXX_LANGUAGE_STANDARD = "gnu++17";
				CLANG_ENABLE_MODULES = YES;
				CLANG_ENABLE_OBJC_ARC = YES;
				CLANG_ENABLE_OBJC_WEAK = YES;
				CLANG_WARN_BLOCK_CAPTURE_AUTORELEASING = YES;
				CLANG_WARN_BOOL_CONVERSION = YES;
				CLANG_WARN_COMMA = YES;
				CLANG_WARN_CONSTANT_CONVERSION = YES;
				CLANG_WARN_DEPRECATED_OBJC_IMPLEMENTATIONS = YES;
				CLANG_WARN_DIRECT_OBJC_ISA_USAGE = YES_ERROR;
				CLANG_WARN_DOCUMENTATION_COMMENTS = YES;
				CLANG_WARN_EMPTY_BODY = YES;
				CLANG_WARN_ENUM_CONVERSION = YES;
				CLANG_WARN_INFINITE_RECURSION = YES;
				CLANG_WARN_INT_CONVERSION = YES;
				CLANG_WARN_NON_LITERAL_NULL_CONVERSION = YES;
				CLANG_WARN_OBJC_IMPLICIT_RETAIN_SELF = YES;
				CLANG_WARN_OBJC_LITERAL_CONVERSION = YES;
				CLANG_WARN_OBJC_ROOT_CLASS = YES_ERROR;
				CLANG_WARN_QUOTED_INCLUDE_IN_FRAMEWORK_HEADER = YES;
				CLANG_WARN_RANGE_LOOP_ANALYSIS = YES;
				CLANG_WARN_STRICT_PROTOTYPES = YES;
				CLANG_WARN_SUSPICIOUS_MOVE = YES;
				CLANG_WARN_UNGUARDED_AVAILABILITY = YES_AGGRESSIVE;
				CLANG_WARN_UNREACHABLE_CODE = YES;
				CLANG_WARN__DUPLICATE_METHOD_MATCH = YES;
				COPY_PHASE_STRIP = NO;
				DEBUG_INFORMATION_FORMAT = "dwarf-with-dsym";
				ENABLE_NS_ASSERTIONS = NO;
				ENABLE_STRICT_OBJC_MSGSEND = YES;
				GCC_C_LANGUAGE_STANDARD = gnu11;
				GCC_NO_COMMON_BLOCKS = YES;
				GCC_WARN_64_TO_32_BIT_CONVERSION = YES;
				GCC_WARN_ABOUT_RETURN_TYPE = YES_ERROR;
				GCC_WARN_UNDECLARED_SELECTOR = YES;
				GCC_WARN_UNINITIALIZED_AUTOS = YES_AGGRESSIVE;
				GCC_WARN_UNUSED_FUNCTION = YES;
				GCC_WARN_UNUSED_VARIABLE = YES;
				IPHONEOS_DEPLOYMENT_TARGET = 15.5;
				MTL_ENABLE_DEBUG_INFO = NO;
				MTL_FAST_MATH = YES;
				SDKROOT = iphoneos;
				SWIFT_COMPILATION_MODE = wholemodule;
				SWIFT_OPTIMIZATION_LEVEL = "-O";
				VALIDATE_PRODUCT = YES;
			};
			name = Release;
		};
		27CA25D1285B6CA900CCAA15 /* Debug */ = {
			isa = XCBuildConfiguration;
			buildSettings = {
				ASSETCATALOG_COMPILER_APPICON_NAME = AppIcon;
				ASSETCATALOG_COMPILER_GLOBAL_ACCENT_COLOR_NAME = AccentColor;
				CODE_SIGN_STYLE = Automatic;
				CURRENT_PROJECT_VERSION = 1;
				DEVELOPMENT_TEAM = R7KLB3356H;
				GENERATE_INFOPLIST_FILE = YES;
				INFOPLIST_FILE = Quizzier/Info.plist;
				INFOPLIST_KEY_UIApplicationSupportsIndirectInputEvents = YES;
				INFOPLIST_KEY_UILaunchStoryboardName = LaunchScreen;
				INFOPLIST_KEY_UIMainStoryboardFile = Main;
				INFOPLIST_KEY_UISupportedInterfaceOrientations = UIInterfaceOrientationPortrait;
				INFOPLIST_KEY_UISupportedInterfaceOrientations_iPad = "UIInterfaceOrientationPortrait UIInterfaceOrientationPortraitUpsideDown UIInterfaceOrientationLandscapeLeft UIInterfaceOrientationLandscapeRight";
				INFOPLIST_KEY_UISupportedInterfaceOrientations_iPhone = "UIInterfaceOrientationPortrait UIInterfaceOrientationLandscapeLeft UIInterfaceOrientationLandscapeRight";
				LD_RUNPATH_SEARCH_PATHS = (
					"$(inherited)",
					"@executable_path/Frameworks",
				);
				MARKETING_VERSION = 1.0;
				PRODUCT_BUNDLE_IDENTIFIER = com.wildanv10.Quizzier;
				PRODUCT_NAME = "$(TARGET_NAME)";
				SWIFT_EMIT_LOC_STRINGS = YES;
				SWIFT_VERSION = 5.0;
				TARGETED_DEVICE_FAMILY = 1;
			};
			name = Debug;
		};
		27CA25D2285B6CA900CCAA15 /* Release */ = {
			isa = XCBuildConfiguration;
			buildSettings = {
				ASSETCATALOG_COMPILER_APPICON_NAME = AppIcon;
				ASSETCATALOG_COMPILER_GLOBAL_ACCENT_COLOR_NAME = AccentColor;
				CODE_SIGN_STYLE = Automatic;
				CURRENT_PROJECT_VERSION = 1;
				DEVELOPMENT_TEAM = R7KLB3356H;
				GENERATE_INFOPLIST_FILE = YES;
				INFOPLIST_FILE = Quizzier/Info.plist;
				INFOPLIST_KEY_UIApplicationSupportsIndirectInputEvents = YES;
				INFOPLIST_KEY_UILaunchStoryboardName = LaunchScreen;
				INFOPLIST_KEY_UIMainStoryboardFile = Main;
				INFOPLIST_KEY_UISupportedInterfaceOrientations = UIInterfaceOrientationPortrait;
				INFOPLIST_KEY_UISupportedInterfaceOrientations_iPad = "UIInterfaceOrientationPortrait UIInterfaceOrientationPortraitUpsideDown UIInterfaceOrientationLandscapeLeft UIInterfaceOrientationLandscapeRight";
				INFOPLIST_KEY_UISupportedInterfaceOrientations_iPhone = "UIInterfaceOrientationPortrait UIInterfaceOrientationLandscapeLeft UIInterfaceOrientationLandscapeRight";
				LD_RUNPATH_SEARCH_PATHS = (
					"$(inherited)",
					"@executable_path/Frameworks",
				);
				MARKETING_VERSION = 1.0;
				PRODUCT_BUNDLE_IDENTIFIER = com.wildanv10.Quizzier;
				PRODUCT_NAME = "$(TARGET_NAME)";
				SWIFT_EMIT_LOC_STRINGS = YES;
				SWIFT_VERSION = 5.0;
				TARGETED_DEVICE_FAMILY = 1;
			};
			name = Release;
		};
/* End XCBuildConfiguration section */

/* Begin XCConfigurationList section */
		27CA25B7285B6CA600CCAA15 /* Build configuration list for PBXProject "Quizzier" */ = {
			isa = XCConfigurationList;
			buildConfigurations = (
				27CA25CE285B6CA900CCAA15 /* Debug */,
				27CA25CF285B6CA900CCAA15 /* Release */,
			);
			defaultConfigurationIsVisible = 0;
			defaultConfigurationName = Release;
		};
		27CA25D0285B6CA900CCAA15 /* Build configuration list for PBXNativeTarget "Quizzier" */ = {
			isa = XCConfigurationList;
			buildConfigurations = (
				27CA25D1285B6CA900CCAA15 /* Debug */,
				27CA25D2285B6CA900CCAA15 /* Release */,
			);
			defaultConfigurationIsVisible = 0;
			defaultConfigurationName = Release;
		};
/* End XCConfigurationList section */
	};
	rootObject = 27CA25B4285B6CA600CCAA15 /* Project object */;
}
